Microsoft Visual Studio Solution File, Format Version 12.00
# Visual Studio 14
VisualStudioVersion = 14.0.24720.0
MinimumVisualStudioVersion = 10.0.40219.1
Project("{FAE04EC0-301F-11D3-BF4B-00C04F79EFBC}") = "Food.WebApi", "WebTestADM\Food.WebApi.csproj", "{8DC3C21F-C292-4A53-A489-24F9BE6517E0}"
EndProject
Project("{FAE04EC0-301F-11D3-BF4B-00C04F79EFBC}") = "Food.Core", "Food.Core\Food.Core.csproj", "{5A3C5E80-98E4-429A-977F-3AA049251552}"
EndProject
Project("{F088123C-0E9E-452A-89E6-6BA2F21D5CAC}") = "ModelingProject", "ModelingProject\ModelingProject.modelproj", "{EAB6169C-6522-451C-9227-49870D73AAD8}"
EndProject
Project("{FAE04EC0-301F-11D3-BF4B-00C04F79EFBC}") = "Food.Dal", "Food.Dal\Food.Dal.csproj", "{5A523663-9ED3-4984-A265-144A50902271}"
EndProject
Project("{FAE04EC0-301F-11D3-BF4B-00C04F79EFBC}") = "Food.Common", "Food.Common\Food.Common.csproj", "{9AE42DD8-0774-4451-A9A2-84504990940B}"
EndProject
Project("{2150E333-8FDC-42A3-9474-1A3956D46DE8}") = "Script", "Script", "{ED8F1F52-C1BE-4469-A3FF-F77F64E1AD39}"
EndProject
Project("{2150E333-8FDC-42A3-9474-1A3956D46DE8}") = "Structure", "Structure", "{20BBDE93-6506-4E44-8608-A4AD68A5720C}"
	ProjectSection(SolutionItems) = preProject
		Script\Structure\InitialCreate.sql = Script\Structure\InitialCreate.sql
	EndProjectSection
EndProject
Global
	GlobalSection(SolutionConfigurationPlatforms) = preSolution
		Debug|Any CPU = Debug|Any CPU
		Release|Any CPU = Release|Any CPU
	EndGlobalSection
	GlobalSection(ProjectConfigurationPlatforms) = postSolution
		{8DC3C21F-C292-4A53-A489-24F9BE6517E0}.Debug|Any CPU.ActiveCfg = Debug|Any CPU
		{8DC3C21F-C292-4A53-A489-24F9BE6517E0}.Debug|Any CPU.Build.0 = Debug|Any CPU
		{8DC3C21F-C292-4A53-A489-24F9BE6517E0}.Release|Any CPU.ActiveCfg = Release|Any CPU
		{8DC3C21F-C292-4A53-A489-24F9BE6517E0}.Release|Any CPU.Build.0 = Release|Any CPU
		{5A3C5E80-98E4-429A-977F-3AA049251552}.Debug|Any CPU.ActiveCfg = Debug|Any CPU
		{5A3C5E80-98E4-429A-977F-3AA049251552}.Debug|Any CPU.Build.0 = Debug|Any CPU
		{5A3C5E80-98E4-429A-977F-3AA049251552}.Release|Any CPU.ActiveCfg = Release|Any CPU
		{5A3C5E80-98E4-429A-977F-3AA049251552}.Release|Any CPU.Build.0 = Release|Any CPU
		{EAB6169C-6522-451C-9227-49870D73AAD8}.Debug|Any CPU.ActiveCfg = Debug|Any CPU
		{EAB6169C-6522-451C-9227-49870D73AAD8}.Debug|Any CPU.Build.0 = Debug|Any CPU
		{EAB6169C-6522-451C-9227-49870D73AAD8}.Release|Any CPU.ActiveCfg = Release|Any CPU
		{EAB6169C-6522-451C-9227-49870D73AAD8}.Release|Any CPU.Build.0 = Release|Any CPU
		{5A523663-9ED3-4984-A265-144A50902271}.Debug|Any CPU.ActiveCfg = Debug|Any CPU
		{5A523663-9ED3-4984-A265-144A50902271}.Debug|Any CPU.Build.0 = Debug|Any CPU
		{5A523663-9ED3-4984-A265-144A50902271}.Release|Any CPU.ActiveCfg = Release|Any CPU
		{5A523663-9ED3-4984-A265-144A50902271}.Release|Any CPU.Build.0 = Release|Any CPU
		{9AE42DD8-0774-4451-A9A2-84504990940B}.Debug|Any CPU.ActiveCfg = Debug|Any CPU
		{9AE42DD8-0774-4451-A9A2-84504990940B}.Debug|Any CPU.Build.0 = Debug|Any CPU
		{9AE42DD8-0774-4451-A9A2-84504990940B}.Release|Any CPU.ActiveCfg = Release|Any CPU
		{9AE42DD8-0774-4451-A9A2-84504990940B}.Release|Any CPU.Build.0 = Release|Any CPU
	EndGlobalSection
	GlobalSection(SolutionProperties) = preSolution
		HideSolutionNode = FALSE
	EndGlobalSection
	GlobalSection(NestedProjects) = preSolution
		{20BBDE93-6506-4E44-8608-A4AD68A5720C} = {ED8F1F52-C1BE-4469-A3FF-F77F64E1AD39}
	EndGlobalSection
EndGlobal
